
Microsoft Visual Studio Solution File, Format Version 12.00
# Visual Studio 15
VisualStudioVersion = 15.0.28307.271
MinimumVisualStudioVersion = 10.0.40219.1
Project("{FAE04EC0-301F-11D3-BF4B-00C04F79EFBC}") = "Bym.UI", "Bym.UI\Bym.UI.csproj", "{87186006-0AF4-4D9F-A7E7-92BF40E41B43}"
EndProject
Global
	GlobalSection(SolutionConfigurationPlatforms) = preSolution
		Debug|Any CPU = Debug|Any CPU
		Release|Any CPU = Release|Any CPU
	EndGlobalSection
	GlobalSection(ProjectConfigurationPlatforms) = postSolution
		{87186006-0AF4-4D9F-A7E7-92BF40E41B43}.Debug|Any CPU.ActiveCfg = Debug|Any CPU
		{87186006-0AF4-4D9F-A7E7-92BF40E41B43}.Debug|Any CPU.Build.0 = Debug|Any CPU
		{87186006-0AF4-4D9F-A7E7-92BF40E41B43}.Release|Any CPU.ActiveCfg = Release|Any CPU
		{87186006-0AF4-4D9F-A7E7-92BF40E41B43}.Release|Any CPU.Build.0 = Release|Any CPU
	EndGlobalSection
	GlobalSection(SolutionProperties) = preSolution
		HideSolutionNode = FALSE
	EndGlobalSection
	GlobalSection(ExtensibilityGlobals) = postSolution
		SolutionGuid = {E6F63B36-0ED3-4DDD-B947-FBE41A617BD9}
	EndGlobalSection
EndGlobal
